// !$*UTF8*$!
{
	archiveVersion = 1;
	classes = {
	};
	objectVersion = 46;
	objects = {

/* Begin PBXBuildFile section */
		B3A4EABB5F5ED2B1A598BD55 /* Pods_HopeIT.framework in Frameworks */ = {isa = PBXBuildFile; fileRef = 547E87F678DD9DD563F30F55 /* Pods_HopeIT.framework */; };
		DDA41DB21FA3764B007AE81D /* AppDelegate.swift in Sources */ = {isa = PBXBuildFile; fileRef = DDA41DB11FA3764B007AE81D /* AppDelegate.swift */; };
		DDA41DB41FA3764B007AE81D /* ViewController.swift in Sources */ = {isa = PBXBuildFile; fileRef = DDA41DB31FA3764B007AE81D /* ViewController.swift */; };
		DDA41DB71FA3764B007AE81D /* Main.storyboard in Resources */ = {isa = PBXBuildFile; fileRef = DDA41DB51FA3764B007AE81D /* Main.storyboard */; };
		DDA41DB91FA3764B007AE81D /* Assets.xcassets in Resources */ = {isa = PBXBuildFile; fileRef = DDA41DB81FA3764B007AE81D /* Assets.xcassets */; };
		DDA41DBC1FA3764B007AE81D /* LaunchScreen.storyboard in Resources */ = {isa = PBXBuildFile; fileRef = DDA41DBA1FA3764B007AE81D /* LaunchScreen.storyboard */; };
		DDA41DC51FA38B62007AE81D /* LittleMissPriss.ttf in Resources */ = {isa = PBXBuildFile; fileRef = DDA41DC41FA38B62007AE81D /* LittleMissPriss.ttf */; };
		DDA41DC91FA3924F007AE81D /* TutorialViewController.swift in Sources */ = {isa = PBXBuildFile; fileRef = DDA41DC81FA3924F007AE81D /* TutorialViewController.swift */; };
		DDA41DCC1FA3926E007AE81D /* JourneysViewController.swift in Sources */ = {isa = PBXBuildFile; fileRef = DDA41DCB1FA3926E007AE81D /* JourneysViewController.swift */; };
		DDA41DCE1FA3929E007AE81D /* JourneyConfiguratorViewController.swift in Sources */ = {isa = PBXBuildFile; fileRef = DDA41DCD1FA3929E007AE81D /* JourneyConfiguratorViewController.swift */; };
		DDA41DD01FA392B6007AE81D /* PaymentViewController.swift in Sources */ = {isa = PBXBuildFile; fileRef = DDA41DCF1FA392B5007AE81D /* PaymentViewController.swift */; };
		DDA41DD21FA39316007AE81D /* HomeViewController.swift in Sources */ = {isa = PBXBuildFile; fileRef = DDA41DD11FA39316007AE81D /* HomeViewController.swift */; };
		DDA41DD41FA39656007AE81D /* GoogleService-Info.plist in Resources */ = {isa = PBXBuildFile; fileRef = DDA41DD31FA39656007AE81D /* GoogleService-Info.plist */; };
		DDA41DD71FA39925007AE81D /* Journey.swift in Sources */ = {isa = PBXBuildFile; fileRef = DDA41DD61FA39925007AE81D /* Journey.swift */; };
		DDA41DDA1FA39ADE007AE81D /* JourneysViewModel.swift in Sources */ = {isa = PBXBuildFile; fileRef = DDA41DD91FA39ADE007AE81D /* JourneysViewModel.swift */; };
		DDDDAC921FA3C804006C9CBA /* crayon.ttf in Resources */ = {isa = PBXBuildFile; fileRef = DDA41DC61FA38BB7007AE81D /* crayon.ttf */; };
		DDDDAC951FA3C8D6006C9CBA /* Utilities.swift in Sources */ = {isa = PBXBuildFile; fileRef = DDDDAC941FA3C8D6006C9CBA /* Utilities.swift */; };
		DDDDAC981FA3CE3D006C9CBA /* HomeViewModel.swift in Sources */ = {isa = PBXBuildFile; fileRef = DDDDAC971FA3CE3D006C9CBA /* HomeViewModel.swift */; };
		DDDDAC9A1FA3CE6F006C9CBA /* User.swift in Sources */ = {isa = PBXBuildFile; fileRef = DDDDAC991FA3CE6F006C9CBA /* User.swift */; };
		DDDDAC9C1FA3D2D3006C9CBA /* Extensions.swift in Sources */ = {isa = PBXBuildFile; fileRef = DDDDAC9B1FA3D2D3006C9CBA /* Extensions.swift */; };
		DDDDAC9E1FA3D3FD006C9CBA /* CustomTabBarController.swift in Sources */ = {isa = PBXBuildFile; fileRef = DDDDAC9D1FA3D3FD006C9CBA /* CustomTabBarController.swift */; };
		DDDDACA11FA3FC44006C9CBA /* PaymentViewModel.swift in Sources */ = {isa = PBXBuildFile; fileRef = DDDDACA01FA3FC44006C9CBA /* PaymentViewModel.swift */; };
		DDDDACA41FA3FC6B006C9CBA /* RecurringViewController.swift in Sources */ = {isa = PBXBuildFile; fileRef = DDDDACA31FA3FC6B006C9CBA /* RecurringViewController.swift */; };
		DDDDACA61FA41434006C9CBA /* JourneyCell.swift in Sources */ = {isa = PBXBuildFile; fileRef = DDDDACA51FA41433006C9CBA /* JourneyCell.swift */; };
		DDDDACA91FA42D5A006C9CBA /* JourneyConfiguratorViewModel.swift in Sources */ = {isa = PBXBuildFile; fileRef = DDDDACA81FA42D5A006C9CBA /* JourneyConfiguratorViewModel.swift */; };
/* End PBXBuildFile section */

/* Begin PBXFileReference section */
		547E87F678DD9DD563F30F55 /* Pods_HopeIT.framework */ = {isa = PBXFileReference; explicitFileType = wrapper.framework; includeInIndex = 0; path = Pods_HopeIT.framework; sourceTree = BUILT_PRODUCTS_DIR; };
		8EC03EF05440EFAA899E27CB /* Pods-HopeIT.release.xcconfig */ = {isa = PBXFileReference; includeInIndex = 1; lastKnownFileType = text.xcconfig; name = "Pods-HopeIT.release.xcconfig"; path = "Pods/Target Support Files/Pods-HopeIT/Pods-HopeIT.release.xcconfig"; sourceTree = "<group>"; };
		AACE9BDAB7724BFF90753561 /* Pods-HopeIT.debug.xcconfig */ = {isa = PBXFileReference; includeInIndex = 1; lastKnownFileType = text.xcconfig; name = "Pods-HopeIT.debug.xcconfig"; path = "Pods/Target Support Files/Pods-HopeIT/Pods-HopeIT.debug.xcconfig"; sourceTree = "<group>"; };
		DDA41DAE1FA3764B007AE81D /* HopeIT.app */ = {isa = PBXFileReference; explicitFileType = wrapper.application; includeInIndex = 0; path = HopeIT.app; sourceTree = BUILT_PRODUCTS_DIR; };
		DDA41DB11FA3764B007AE81D /* AppDelegate.swift */ = {isa = PBXFileReference; lastKnownFileType = sourcecode.swift; path = AppDelegate.swift; sourceTree = "<group>"; };
		DDA41DB31FA3764B007AE81D /* ViewController.swift */ = {isa = PBXFileReference; lastKnownFileType = sourcecode.swift; path = ViewController.swift; sourceTree = "<group>"; };
		DDA41DB61FA3764B007AE81D /* Base */ = {isa = PBXFileReference; lastKnownFileType = file.storyboard; name = Base; path = Base.lproj/Main.storyboard; sourceTree = "<group>"; };
		DDA41DB81FA3764B007AE81D /* Assets.xcassets */ = {isa = PBXFileReference; lastKnownFileType = folder.assetcatalog; path = Assets.xcassets; sourceTree = "<group>"; };
		DDA41DBB1FA3764B007AE81D /* Base */ = {isa = PBXFileReference; lastKnownFileType = file.storyboard; name = Base; path = Base.lproj/LaunchScreen.storyboard; sourceTree = "<group>"; };
		DDA41DBD1FA3764B007AE81D /* Info.plist */ = {isa = PBXFileReference; lastKnownFileType = text.plist.xml; path = Info.plist; sourceTree = "<group>"; };
		DDA41DC41FA38B62007AE81D /* LittleMissPriss.ttf */ = {isa = PBXFileReference; lastKnownFileType = file; path = LittleMissPriss.ttf; sourceTree = "<group>"; };
		DDA41DC61FA38BB7007AE81D /* crayon.ttf */ = {isa = PBXFileReference; lastKnownFileType = file; path = crayon.ttf; sourceTree = "<group>"; };
		DDA41DC71FA39148007AE81D /* HopeIT.entitlements */ = {isa = PBXFileReference; lastKnownFileType = text.plist.entitlements; path = HopeIT.entitlements; sourceTree = "<group>"; };
		DDA41DC81FA3924F007AE81D /* TutorialViewController.swift */ = {isa = PBXFileReference; fileEncoding = 4; lastKnownFileType = sourcecode.swift; path = TutorialViewController.swift; sourceTree = "<group>"; };
		DDA41DCB1FA3926E007AE81D /* JourneysViewController.swift */ = {isa = PBXFileReference; fileEncoding = 4; lastKnownFileType = sourcecode.swift; path = JourneysViewController.swift; sourceTree = "<group>"; };
		DDA41DCD1FA3929E007AE81D /* JourneyConfiguratorViewController.swift */ = {isa = PBXFileReference; fileEncoding = 4; lastKnownFileType = sourcecode.swift; path = JourneyConfiguratorViewController.swift; sourceTree = "<group>"; };
		DDA41DCF1FA392B5007AE81D /* PaymentViewController.swift */ = {isa = PBXFileReference; fileEncoding = 4; lastKnownFileType = sourcecode.swift; path = PaymentViewController.swift; sourceTree = "<group>"; };
		DDA41DD11FA39316007AE81D /* HomeViewController.swift */ = {isa = PBXFileReference; fileEncoding = 4; lastKnownFileType = sourcecode.swift; path = HomeViewController.swift; sourceTree = "<group>"; };
		DDA41DD31FA39656007AE81D /* GoogleService-Info.plist */ = {isa = PBXFileReference; fileEncoding = 4; lastKnownFileType = text.plist.xml; path = "GoogleService-Info.plist"; sourceTree = "<group>"; };
		DDA41DD61FA39925007AE81D /* Journey.swift */ = {isa = PBXFileReference; fileEncoding = 4; lastKnownFileType = sourcecode.swift; path = Journey.swift; sourceTree = "<group>"; };
		DDA41DD91FA39ADE007AE81D /* JourneysViewModel.swift */ = {isa = PBXFileReference; fileEncoding = 4; lastKnownFileType = sourcecode.swift; path = JourneysViewModel.swift; sourceTree = "<group>"; };
		DDDDAC941FA3C8D6006C9CBA /* Utilities.swift */ = {isa = PBXFileReference; fileEncoding = 4; lastKnownFileType = sourcecode.swift; path = Utilities.swift; sourceTree = "<group>"; };
		DDDDAC971FA3CE3D006C9CBA /* HomeViewModel.swift */ = {isa = PBXFileReference; fileEncoding = 4; lastKnownFileType = sourcecode.swift; path = HomeViewModel.swift; sourceTree = "<group>"; };
		DDDDAC991FA3CE6F006C9CBA /* User.swift */ = {isa = PBXFileReference; fileEncoding = 4; lastKnownFileType = sourcecode.swift; path = User.swift; sourceTree = "<group>"; };
		DDDDAC9B1FA3D2D3006C9CBA /* Extensions.swift */ = {isa = PBXFileReference; fileEncoding = 4; lastKnownFileType = sourcecode.swift; path = Extensions.swift; sourceTree = "<group>"; };
		DDDDAC9D1FA3D3FD006C9CBA /* CustomTabBarController.swift */ = {isa = PBXFileReference; fileEncoding = 4; lastKnownFileType = sourcecode.swift; path = CustomTabBarController.swift; sourceTree = "<group>"; };
		DDDDACA01FA3FC44006C9CBA /* PaymentViewModel.swift */ = {isa = PBXFileReference; fileEncoding = 4; lastKnownFileType = sourcecode.swift; path = PaymentViewModel.swift; sourceTree = "<group>"; };
		DDDDACA31FA3FC6B006C9CBA /* RecurringViewController.swift */ = {isa = PBXFileReference; fileEncoding = 4; lastKnownFileType = sourcecode.swift; path = RecurringViewController.swift; sourceTree = "<group>"; };
		DDDDACA51FA41433006C9CBA /* JourneyCell.swift */ = {isa = PBXFileReference; fileEncoding = 4; lastKnownFileType = sourcecode.swift; path = JourneyCell.swift; sourceTree = "<group>"; };
		DDDDACA81FA42D5A006C9CBA /* JourneyConfiguratorViewModel.swift */ = {isa = PBXFileReference; fileEncoding = 4; lastKnownFileType = sourcecode.swift; path = JourneyConfiguratorViewModel.swift; sourceTree = "<group>"; };
/* End PBXFileReference section */

/* Begin PBXFrameworksBuildPhase section */
		DDA41DAB1FA3764B007AE81D /* Frameworks */ = {
			isa = PBXFrameworksBuildPhase;
			buildActionMask = 2147483647;
			files = (
				B3A4EABB5F5ED2B1A598BD55 /* Pods_HopeIT.framework in Frameworks */,
			);
			runOnlyForDeploymentPostprocessing = 0;
		};
/* End PBXFrameworksBuildPhase section */

/* Begin PBXGroup section */
		10949F035DBF7B5DC36DAD66 /* Frameworks */ = {
			isa = PBXGroup;
			children = (
				547E87F678DD9DD563F30F55 /* Pods_HopeIT.framework */,
			);
			name = Frameworks;
			sourceTree = "<group>";
		};
		C80AFA085AE5C019BDD7F08A /* Pods */ = {
			isa = PBXGroup;
			children = (
				AACE9BDAB7724BFF90753561 /* Pods-HopeIT.debug.xcconfig */,
				8EC03EF05440EFAA899E27CB /* Pods-HopeIT.release.xcconfig */,
			);
			name = Pods;
			sourceTree = "<group>";
		};
		DDA41DA51FA3764B007AE81D = {
			isa = PBXGroup;
			children = (
				DDA41DB01FA3764B007AE81D /* HopeIT */,
				DDA41DAF1FA3764B007AE81D /* Products */,
				C80AFA085AE5C019BDD7F08A /* Pods */,
				10949F035DBF7B5DC36DAD66 /* Frameworks */,
			);
			sourceTree = "<group>";
		};
		DDA41DAF1FA3764B007AE81D /* Products */ = {
			isa = PBXGroup;
			children = (
				DDA41DAE1FA3764B007AE81D /* HopeIT.app */,
			);
			name = Products;
			sourceTree = "<group>";
		};
		DDA41DB01FA3764B007AE81D /* HopeIT */ = {
			isa = PBXGroup;
			children = (
				DDDDAC931FA3C8CC006C9CBA /* Others */,
				DDA41DD51FA39919007AE81D /* Models */,
				DDA41DC71FA39148007AE81D /* HopeIT.entitlements */,
				DDA41DCA1FA39255007AE81D /* Controllers */,
				DDA41DC31FA38B51007AE81D /* Assets */,
				DDA41DB11FA3764B007AE81D /* AppDelegate.swift */,
				DDA41DB51FA3764B007AE81D /* Main.storyboard */,
				DDA41DBA1FA3764B007AE81D /* LaunchScreen.storyboard */,
				DDA41DD31FA39656007AE81D /* GoogleService-Info.plist */,
				DDA41DBD1FA3764B007AE81D /* Info.plist */,
			);
			path = HopeIT;
			sourceTree = "<group>";
		};
		DDA41DC31FA38B51007AE81D /* Assets */ = {
			isa = PBXGroup;
			children = (
				DDA41DC41FA38B62007AE81D /* LittleMissPriss.ttf */,
				DDA41DC61FA38BB7007AE81D /* crayon.ttf */,
				DDA41DB81FA3764B007AE81D /* Assets.xcassets */,
			);
			name = Assets;
			sourceTree = "<group>";
		};
		DDA41DCA1FA39255007AE81D /* Controllers */ = {
			isa = PBXGroup;
			children = (
				DDDDACA71FA42D45006C9CBA /* Creator */,
				DDDDACA21FA3FC5D006C9CBA /* Recurring */,
				DDDDAC9F1FA3FC32006C9CBA /* Payment */,
				DDDDAC961FA3CE29006C9CBA /* Home */,
				DDA41DD81FA39ACA007AE81D /* Journeys */,
				DDA41DC81FA3924F007AE81D /* TutorialViewController.swift */,
				DDA41DB31FA3764B007AE81D /* ViewController.swift */,
				DDDDAC9D1FA3D3FD006C9CBA /* CustomTabBarController.swift */,
			);
			name = Controllers;
			sourceTree = "<group>";
		};
		DDA41DD51FA39919007AE81D /* Models */ = {
			isa = PBXGroup;
			children = (
				DDA41DD61FA39925007AE81D /* Journey.swift */,
				DDDDAC991FA3CE6F006C9CBA /* User.swift */,
			);
			name = Models;
			sourceTree = "<group>";
		};
		DDA41DD81FA39ACA007AE81D /* Journeys */ = {
			isa = PBXGroup;
			children = (
				DDA41DCB1FA3926E007AE81D /* JourneysViewController.swift */,
				DDA41DD91FA39ADE007AE81D /* JourneysViewModel.swift */,
				DDDDACA51FA41433006C9CBA /* JourneyCell.swift */,
			);
			name = Journeys;
			sourceTree = "<group>";
		};
		DDDDAC931FA3C8CC006C9CBA /* Others */ = {
			isa = PBXGroup;
			children = (
				DDDDAC941FA3C8D6006C9CBA /* Utilities.swift */,
				DDDDAC9B1FA3D2D3006C9CBA /* Extensions.swift */,
			);
			name = Others;
			sourceTree = "<group>";
		};
		DDDDAC961FA3CE29006C9CBA /* Home */ = {
			isa = PBXGroup;
			children = (
				DDA41DD11FA39316007AE81D /* HomeViewController.swift */,
				DDDDAC971FA3CE3D006C9CBA /* HomeViewModel.swift */,
			);
			name = Home;
			sourceTree = "<group>";
		};
		DDDDAC9F1FA3FC32006C9CBA /* Payment */ = {
			isa = PBXGroup;
			children = (
				DDA41DCF1FA392B5007AE81D /* PaymentViewController.swift */,
				DDDDACA01FA3FC44006C9CBA /* PaymentViewModel.swift */,
			);
			name = Payment;
			sourceTree = "<group>";
		};
		DDDDACA21FA3FC5D006C9CBA /* Recurring */ = {
			isa = PBXGroup;
			children = (
				DDDDACA31FA3FC6B006C9CBA /* RecurringViewController.swift */,
			);
			name = Recurring;
			sourceTree = "<group>";
		};
		DDDDACA71FA42D45006C9CBA /* Creator */ = {
			isa = PBXGroup;
			children = (
				DDA41DCD1FA3929E007AE81D /* JourneyConfiguratorViewController.swift */,
				DDDDACA81FA42D5A006C9CBA /* JourneyConfiguratorViewModel.swift */,
			);
			name = Creator;
			sourceTree = "<group>";
		};
/* End PBXGroup section */

/* Begin PBXNativeTarget section */
		DDA41DAD1FA3764B007AE81D /* HopeIT */ = {
			isa = PBXNativeTarget;
			buildConfigurationList = DDA41DC01FA3764B007AE81D /* Build configuration list for PBXNativeTarget "HopeIT" */;
			buildPhases = (
				95BB80D83D75310481F0B696 /* [CP] Check Pods Manifest.lock */,
				DDA41DAA1FA3764B007AE81D /* Sources */,
				DDA41DAB1FA3764B007AE81D /* Frameworks */,
				DDA41DAC1FA3764B007AE81D /* Resources */,
				B64004801BD1A0E047EB0E0A /* [CP] Embed Pods Frameworks */,
				82F8865C384E0F5E9FF960D9 /* [CP] Copy Pods Resources */,
			);
			buildRules = (
			);
			dependencies = (
			);
			name = HopeIT;
			productName = HopeIT;
			productReference = DDA41DAE1FA3764B007AE81D /* HopeIT.app */;
			productType = "com.apple.product-type.application";
		};
/* End PBXNativeTarget section */

/* Begin PBXProject section */
		DDA41DA61FA3764B007AE81D /* Project object */ = {
			isa = PBXProject;
			attributes = {
				LastSwiftUpdateCheck = 0830;
				LastUpgradeCheck = 0830;
				ORGANIZATIONNAME = bydlaki;
				TargetAttributes = {
					DDA41DAD1FA3764B007AE81D = {
						CreatedOnToolsVersion = 8.3.3;
						DevelopmentTeam = K36E9SFT27;
						ProvisioningStyle = Automatic;
						SystemCapabilities = {
							com.apple.Push = {
								enabled = 1;
							};
						};
					};
				};
			};
			buildConfigurationList = DDA41DA91FA3764B007AE81D /* Build configuration list for PBXProject "HopeIT" */;
			compatibilityVersion = "Xcode 3.2";
			developmentRegion = English;
			hasScannedForEncodings = 0;
			knownRegions = (
				en,
				Base,
			);
			mainGroup = DDA41DA51FA3764B007AE81D;
			productRefGroup = DDA41DAF1FA3764B007AE81D /* Products */;
			projectDirPath = "";
			projectRoot = "";
			targets = (
				DDA41DAD1FA3764B007AE81D /* HopeIT */,
			);
		};
/* End PBXProject section */

/* Begin PBXResourcesBuildPhase section */
		DDA41DAC1FA3764B007AE81D /* Resources */ = {
			isa = PBXResourcesBuildPhase;
			buildActionMask = 2147483647;
			files = (
				DDA41DD41FA39656007AE81D /* GoogleService-Info.plist in Resources */,
				DDA41DBC1FA3764B007AE81D /* LaunchScreen.storyboard in Resources */,
				DDA41DB91FA3764B007AE81D /* Assets.xcassets in Resources */,
				DDA41DC51FA38B62007AE81D /* LittleMissPriss.ttf in Resources */,
				DDDDAC921FA3C804006C9CBA /* crayon.ttf in Resources */,
				DDA41DB71FA3764B007AE81D /* Main.storyboard in Resources */,
			);
			runOnlyForDeploymentPostprocessing = 0;
		};
/* End PBXResourcesBuildPhase section */

/* Begin PBXShellScriptBuildPhase section */
		82F8865C384E0F5E9FF960D9 /* [CP] Copy Pods Resources */ = {
			isa = PBXShellScriptBuildPhase;
			buildActionMask = 2147483647;
			files = (
			);
			inputPaths = (
			);
			name = "[CP] Copy Pods Resources";
			outputPaths = (
			);
			runOnlyForDeploymentPostprocessing = 0;
			shellPath = /bin/sh;
			shellScript = "\"${SRCROOT}/Pods/Target Support Files/Pods-HopeIT/Pods-HopeIT-resources.sh\"\n";
			showEnvVarsInLog = 0;
		};
		95BB80D83D75310481F0B696 /* [CP] Check Pods Manifest.lock */ = {
			isa = PBXShellScriptBuildPhase;
			buildActionMask = 2147483647;
			files = (
			);
			inputPaths = (
			);
			name = "[CP] Check Pods Manifest.lock";
			outputPaths = (
			);
			runOnlyForDeploymentPostprocessing = 0;
			shellPath = /bin/sh;
			shellScript = "diff \"${PODS_PODFILE_DIR_PATH}/Podfile.lock\" \"${PODS_ROOT}/Manifest.lock\" > /dev/null\nif [ $? != 0 ] ; then\n    # print error to STDERR\n    echo \"error: The sandbox is not in sync with the Podfile.lock. Run 'pod install' or update your CocoaPods installation.\" >&2\n    exit 1\nfi\n";
			showEnvVarsInLog = 0;
		};
		B64004801BD1A0E047EB0E0A /* [CP] Embed Pods Frameworks */ = {
			isa = PBXShellScriptBuildPhase;
			buildActionMask = 2147483647;
			files = (
			);
			inputPaths = (
			);
			name = "[CP] Embed Pods Frameworks";
			outputPaths = (
			);
			runOnlyForDeploymentPostprocessing = 0;
			shellPath = /bin/sh;
			shellScript = "\"${SRCROOT}/Pods/Target Support Files/Pods-HopeIT/Pods-HopeIT-frameworks.sh\"\n";
			showEnvVarsInLog = 0;
		};
/* End PBXShellScriptBuildPhase section */

/* Begin PBXSourcesBuildPhase section */
		DDA41DAA1FA3764B007AE81D /* Sources */ = {
			isa = PBXSourcesBuildPhase;
			buildActionMask = 2147483647;
			files = (
				DDA41DB41FA3764B007AE81D /* ViewController.swift in Sources */,
				DDDDACA11FA3FC44006C9CBA /* PaymentViewModel.swift in Sources */,
				DDDDACA61FA41434006C9CBA /* JourneyCell.swift in Sources */,
				DDDDAC981FA3CE3D006C9CBA /* HomeViewModel.swift in Sources */,
				DDA41DD01FA392B6007AE81D /* PaymentViewController.swift in Sources */,
				DDA41DDA1FA39ADE007AE81D /* JourneysViewModel.swift in Sources */,
				DDA41DCE1FA3929E007AE81D /* JourneyConfiguratorViewController.swift in Sources */,
				DDA41DCC1FA3926E007AE81D /* JourneysViewController.swift in Sources */,
				DDA41DD71FA39925007AE81D /* Journey.swift in Sources */,
				DDDDACA41FA3FC6B006C9CBA /* RecurringViewController.swift in Sources */,
				DDA41DC91FA3924F007AE81D /* TutorialViewController.swift in Sources */,
				DDDDAC9E1FA3D3FD006C9CBA /* CustomTabBarController.swift in Sources */,
				DDDDAC9C1FA3D2D3006C9CBA /* Extensions.swift in Sources */,
				DDDDAC9A1FA3CE6F006C9CBA /* User.swift in Sources */,
				DDDDACA91FA42D5A006C9CBA /* JourneyConfiguratorViewModel.swift in Sources */,
				DDA41DD21FA39316007AE81D /* HomeViewController.swift in Sources */,
				DDDDAC951FA3C8D6006C9CBA /* Utilities.swift in Sources */,
				DDA41DB21FA3764B007AE81D /* AppDelegate.swift in Sources */,
			);
			runOnlyForDeploymentPostprocessing = 0;
		};
/* End PBXSourcesBuildPhase section */

/* Begin PBXVariantGroup section */
		DDA41DB51FA3764B007AE81D /* Main.storyboard */ = {
			isa = PBXVariantGroup;
			children = (
				DDA41DB61FA3764B007AE81D /* Base */,
			);
			name = Main.storyboard;
			sourceTree = "<group>";
		};
		DDA41DBA1FA3764B007AE81D /* LaunchScreen.storyboard */ = {
			isa = PBXVariantGroup;
			children = (
				DDA41DBB1FA3764B007AE81D /* Base */,
			);
			name = LaunchScreen.storyboard;
			sourceTree = "<group>";
		};
/* End PBXVariantGroup section */

/* Begin XCBuildConfiguration section */
		DDA41DBE1FA3764B007AE81D /* Debug */ = {
			isa = XCBuildConfiguration;
			buildSettings = {
				ALWAYS_SEARCH_USER_PATHS = NO;
				CLANG_ANALYZER_NONNULL = YES;
				CLANG_ANALYZER_NUMBER_OBJECT_CONVERSION = YES_AGGRESSIVE;
				CLANG_CXX_LANGUAGE_STANDARD = "gnu++0x";
				CLANG_CXX_LIBRARY = "libc++";
				CLANG_ENABLE_MODULES = YES;
				CLANG_ENABLE_OBJC_ARC = YES;
				CLANG_WARN_BOOL_CONVERSION = YES;
				CLANG_WARN_CONSTANT_CONVERSION = YES;
				CLANG_WARN_DIRECT_OBJC_ISA_USAGE = YES_ERROR;
				CLANG_WARN_DOCUMENTATION_COMMENTS = YES;
				CLANG_WARN_EMPTY_BODY = YES;
				CLANG_WARN_ENUM_CONVERSION = YES;
				CLANG_WARN_INFINITE_RECURSION = YES;
				CLANG_WARN_INT_CONVERSION = YES;
				CLANG_WARN_OBJC_ROOT_CLASS = YES_ERROR;
				CLANG_WARN_SUSPICIOUS_MOVE = YES;
				CLANG_WARN_UNREACHABLE_CODE = YES;
				CLANG_WARN__DUPLICATE_METHOD_MATCH = YES;
				CODE_SIGN_IDENTITY = "iPhone Developer";
				"CODE_SIGN_IDENTITY[sdk=iphoneos*]" = "iPhone Developer";
				COPY_PHASE_STRIP = NO;
				DEBUG_INFORMATION_FORMAT = dwarf;
				ENABLE_STRICT_OBJC_MSGSEND = YES;
				ENABLE_TESTABILITY = YES;
				GCC_C_LANGUAGE_STANDARD = gnu99;
				GCC_DYNAMIC_NO_PIC = NO;
				GCC_NO_COMMON_BLOCKS = YES;
				GCC_OPTIMIZATION_LEVEL = 0;
				GCC_PREPROCESSOR_DEFINITIONS = (
					"DEBUG=1",
					"$(inherited)",
				);
				GCC_WARN_64_TO_32_BIT_CONVERSION = YES;
				GCC_WARN_ABOUT_RETURN_TYPE = YES_ERROR;
				GCC_WARN_UNDECLARED_SELECTOR = YES;
				GCC_WARN_UNINITIALIZED_AUTOS = YES_AGGRESSIVE;
				GCC_WARN_UNUSED_FUNCTION = YES;
				GCC_WARN_UNUSED_VARIABLE = YES;
				IPHONEOS_DEPLOYMENT_TARGET = 10.0;
				MTL_ENABLE_DEBUG_INFO = YES;
				ONLY_ACTIVE_ARCH = YES;
				SDKROOT = iphoneos;
				SWIFT_ACTIVE_COMPILATION_CONDITIONS = DEBUG;
				SWIFT_OPTIMIZATION_LEVEL = "-Onone";
			};
			name = Debug;
		};
		DDA41DBF1FA3764B007AE81D /* Release */ = {
			isa = XCBuildConfiguration;
			buildSettings = {
				ALWAYS_SEARCH_USER_PATHS = NO;
				CLANG_ANALYZER_NONNULL = YES;
				CLANG_ANALYZER_NUMBER_OBJECT_CONVERSION = YES_AGGRESSIVE;
				CLANG_CXX_LANGUAGE_STANDARD = "gnu++0x";
				CLANG_CXX_LIBRARY = "libc++";
				CLANG_ENABLE_MODULES = YES;
				CLANG_ENABLE_OBJC_ARC = YES;
				CLANG_WARN_BOOL_CONVERSION = YES;
				CLANG_WARN_CONSTANT_CONVERSION = YES;
				CLANG_WARN_DIRECT_OBJC_ISA_USAGE = YES_ERROR;
				CLANG_WARN_DOCUMENTATION_COMMENTS = YES;
				CLANG_WARN_EMPTY_BODY = YES;
				CLANG_WARN_ENUM_CONVERSION = YES;
				CLANG_WARN_INFINITE_RECURSION = YES;
				CLANG_WARN_INT_CONVERSION = YES;
				CLANG_WARN_OBJC_ROOT_CLASS = YES_ERROR;
				CLANG_WARN_SUSPICIOUS_MOVE = YES;
				CLANG_WARN_UNREACHABLE_CODE = YES;
				CLANG_WARN__DUPLICATE_METHOD_MATCH = YES;
				CODE_SIGN_IDENTITY = "iPhone Developer";
				"CODE_SIGN_IDENTITY[sdk=iphoneos*]" = "iPhone Developer";
				COPY_PHASE_STRIP = NO;
				DEBUG_INFORMATION_FORMAT = "dwarf-with-dsym";
				ENABLE_NS_ASSERTIONS = NO;
				ENABLE_STRICT_OBJC_MSGSEND = YES;
				GCC_C_LANGUAGE_STANDARD = gnu99;
				GCC_NO_COMMON_BLOCKS = YES;
				GCC_WARN_64_TO_32_BIT_CONVERSION = YES;
				GCC_WARN_ABOUT_RETURN_TYPE = YES_ERROR;
				GCC_WARN_UNDECLARED_SELECTOR = YES;
				GCC_WARN_UNINITIALIZED_AUTOS = YES_AGGRESSIVE;
				GCC_WARN_UNUSED_FUNCTION = YES;
				GCC_WARN_UNUSED_VARIABLE = YES;
				IPHONEOS_DEPLOYMENT_TARGET = 10.0;
				MTL_ENABLE_DEBUG_INFO = NO;
				SDKROOT = iphoneos;
				SWIFT_OPTIMIZATION_LEVEL = "-Owholemodule";
				VALIDATE_PRODUCT = YES;
			};
			name = Release;
		};
		DDA41DC11FA3764B007AE81D /* Debug */ = {
			isa = XCBuildConfiguration;
			baseConfigurationReference = AACE9BDAB7724BFF90753561 /* Pods-HopeIT.debug.xcconfig */;
			buildSettings = {
				ASSETCATALOG_COMPILER_APPICON_NAME = AppIcon;
				CODE_SIGN_ENTITLEMENTS = HopeIT/HopeIT.entitlements;
				CODE_SIGN_IDENTITY = "iPhone Developer: Dmitrij Zatuchin (8P6ETA9H66)";
				"CODE_SIGN_IDENTITY[sdk=iphoneos*]" = "iPhone Developer";
				DEVELOPMENT_TEAM = K36E9SFT27;
				INFOPLIST_FILE = HopeIT/Info.plist;
				IPHONEOS_DEPLOYMENT_TARGET = 10.0;
				LD_RUNPATH_SEARCH_PATHS = "$(inherited) @executable_path/Frameworks";
				PRODUCT_BUNDLE_IDENTIFIER = com.dook.Astronaut;
				PRODUCT_NAME = "$(TARGET_NAME)";
				PROVISIONING_PROFILE = "";
				PROVISIONING_PROFILE_SPECIFIER = "";
				SWIFT_VERSION = 3.0;
			};
			name = Debug;
		};
		DDA41DC21FA3764B007AE81D /* Release */ = {
			isa = XCBuildConfiguration;
			baseConfigurationReference = 8EC03EF05440EFAA899E27CB /* Pods-HopeIT.release.xcconfig */;
			buildSettings = {
				ASSETCATALOG_COMPILER_APPICON_NAME = AppIcon;
				CODE_SIGN_ENTITLEMENTS = HopeIT/HopeIT.entitlements;
				CODE_SIGN_IDENTITY = "iPhone Developer: Dmitrij Zatuchin (8P6ETA9H66)";
				"CODE_SIGN_IDENTITY[sdk=iphoneos*]" = "iPhone Developer";
				DEVELOPMENT_TEAM = K36E9SFT27;
				INFOPLIST_FILE = HopeIT/Info.plist;
				IPHONEOS_DEPLOYMENT_TARGET = 10.0;
				LD_RUNPATH_SEARCH_PATHS = "$(inherited) @executable_path/Frameworks";
				PRODUCT_BUNDLE_IDENTIFIER = com.dook.Astronaut;
				PRODUCT_NAME = "$(TARGET_NAME)";
				PROVISIONING_PROFILE_SPECIFIER = "";
				SWIFT_VERSION = 3.0;
			};
			name = Release;
		};
/* End XCBuildConfiguration section */

/* Begin XCConfigurationList section */
		DDA41DA91FA3764B007AE81D /* Build configuration list for PBXProject "HopeIT" */ = {
			isa = XCConfigurationList;
			buildConfigurations = (
				DDA41DBE1FA3764B007AE81D /* Debug */,
				DDA41DBF1FA3764B007AE81D /* Release */,
			);
			defaultConfigurationIsVisible = 0;
			defaultConfigurationName = Release;
		};
		DDA41DC01FA3764B007AE81D /* Build configuration list for PBXNativeTarget "HopeIT" */ = {
			isa = XCConfigurationList;
			buildConfigurations = (
				DDA41DC11FA3764B007AE81D /* Debug */,
				DDA41DC21FA3764B007AE81D /* Release */,
			);
			defaultConfigurationIsVisible = 0;
			defaultConfigurationName = Release;
		};
/* End XCConfigurationList section */
	};
	rootObject = DDA41DA61FA3764B007AE81D /* Project object */;
}
